// !$*UTF8*$!
{
	archiveVersion = 1;
	classes = {
	};
	objectVersion = 55;
	objects = {

/* Begin PBXBuildFile section */
		FE26FE4128D9FC8700851216 /* HomeApp.swift in Sources */ = {isa = PBXBuildFile; fileRef = FE26FE4028D9FC8700851216 /* HomeApp.swift */; };
		FE26FE4328D9FC8700851216 /* ContentView.swift in Sources */ = {isa = PBXBuildFile; fileRef = FE26FE4228D9FC8700851216 /* ContentView.swift */; };
		FE26FE4528D9FC8800851216 /* Assets.xcassets in Resources */ = {isa = PBXBuildFile; fileRef = FE26FE4428D9FC8800851216 /* Assets.xcassets */; };
		FE26FE4828D9FC8800851216 /* Preview Assets.xcassets in Resources */ = {isa = PBXBuildFile; fileRef = FE26FE4728D9FC8800851216 /* Preview Assets.xcassets */; };
		FE26FE4C28D9FC8800851216 /* Home WatchKit App.app in Embed Watch Content */ = {isa = PBXBuildFile; fileRef = FE26FE4B28D9FC8800851216 /* Home WatchKit App.app */; settings = {ATTRIBUTES = (RemoveHeadersOnCopy, ); }; };
		FE26FE5128D9FC8800851216 /* Assets.xcassets in Resources */ = {isa = PBXBuildFile; fileRef = FE26FE5028D9FC8800851216 /* Assets.xcassets */; };
		FE26FE5728D9FC8900851216 /* Home WatchKit Extension.appex in Embed App Extensions */ = {isa = PBXBuildFile; fileRef = FE26FE5628D9FC8900851216 /* Home WatchKit Extension.appex */; settings = {ATTRIBUTES = (RemoveHeadersOnCopy, ); }; };
		FE26FE5C28D9FC8900851216 /* HomeApp.swift in Sources */ = {isa = PBXBuildFile; fileRef = FE26FE5B28D9FC8900851216 /* HomeApp.swift */; };
		FE26FE5E28D9FC8900851216 /* ContentView.swift in Sources */ = {isa = PBXBuildFile; fileRef = FE26FE5D28D9FC8900851216 /* ContentView.swift */; };
		FE26FE6028D9FC8900851216 /* NotificationController.swift in Sources */ = {isa = PBXBuildFile; fileRef = FE26FE5F28D9FC8900851216 /* NotificationController.swift */; };
		FE26FE6228D9FC8900851216 /* NotificationView.swift in Sources */ = {isa = PBXBuildFile; fileRef = FE26FE6128D9FC8900851216 /* NotificationView.swift */; };
		FE26FE6428D9FC8900851216 /* ComplicationController.swift in Sources */ = {isa = PBXBuildFile; fileRef = FE26FE6328D9FC8900851216 /* ComplicationController.swift */; };
		FE26FE6628D9FC8900851216 /* Assets.xcassets in Resources */ = {isa = PBXBuildFile; fileRef = FE26FE6528D9FC8900851216 /* Assets.xcassets */; };
		FE26FE6928D9FC8900851216 /* Preview Assets.xcassets in Resources */ = {isa = PBXBuildFile; fileRef = FE26FE6828D9FC8900851216 /* Preview Assets.xcassets */; };
/* End PBXBuildFile section */

/* Begin PBXContainerItemProxy section */
		FE26FE4D28D9FC8800851216 /* PBXContainerItemProxy */ = {
			isa = PBXContainerItemProxy;
			containerPortal = FE26FE3528D9FC8700851216 /* Project object */;
			proxyType = 1;
			remoteGlobalIDString = FE26FE4A28D9FC8800851216;
			remoteInfo = "Home WatchKit App";
		};
		FE26FE5828D9FC8900851216 /* PBXContainerItemProxy */ = {
			isa = PBXContainerItemProxy;
			containerPortal = FE26FE3528D9FC8700851216 /* Project object */;
			proxyType = 1;
			remoteGlobalIDString = FE26FE5528D9FC8900851216;
			remoteInfo = "Home WatchKit Extension";
		};
/* End PBXContainerItemProxy section */

/* Begin PBXCopyFilesBuildPhase section */
		FE26FE7128D9FC8900851216 /* Embed App Extensions */ = {
			isa = PBXCopyFilesBuildPhase;
			buildActionMask = 2147483647;
			dstPath = "";
			dstSubfolderSpec = 13;
			files = (
				FE26FE5728D9FC8900851216 /* Home WatchKit Extension.appex in Embed App Extensions */,
			);
			name = "Embed App Extensions";
			runOnlyForDeploymentPostprocessing = 0;
		};
		FE26FE7528D9FC8900851216 /* Embed Watch Content */ = {
			isa = PBXCopyFilesBuildPhase;
			buildActionMask = 2147483647;
			dstPath = "$(CONTENTS_FOLDER_PATH)/Watch";
			dstSubfolderSpec = 16;
			files = (
				FE26FE4C28D9FC8800851216 /* Home WatchKit App.app in Embed Watch Content */,
			);
			name = "Embed Watch Content";
			runOnlyForDeploymentPostprocessing = 0;
		};
/* End PBXCopyFilesBuildPhase section */

/* Begin PBXFileReference section */
		FE26FE3D28D9FC8700851216 /* Home.app */ = {isa = PBXFileReference; explicitFileType = wrapper.application; includeInIndex = 0; path = Home.app; sourceTree = BUILT_PRODUCTS_DIR; };
		FE26FE4028D9FC8700851216 /* HomeApp.swift */ = {isa = PBXFileReference; lastKnownFileType = sourcecode.swift; path = HomeApp.swift; sourceTree = "<group>"; };
		FE26FE4228D9FC8700851216 /* ContentView.swift */ = {isa = PBXFileReference; lastKnownFileType = sourcecode.swift; path = ContentView.swift; sourceTree = "<group>"; };
		FE26FE4428D9FC8800851216 /* Assets.xcassets */ = {isa = PBXFileReference; lastKnownFileType = folder.assetcatalog; path = Assets.xcassets; sourceTree = "<group>"; };
		FE26FE4728D9FC8800851216 /* Preview Assets.xcassets */ = {isa = PBXFileReference; lastKnownFileType = folder.assetcatalog; path = "Preview Assets.xcassets"; sourceTree = "<group>"; };
		FE26FE4B28D9FC8800851216 /* Home WatchKit App.app */ = {isa = PBXFileReference; explicitFileType = wrapper.application; includeInIndex = 0; path = "Home WatchKit App.app"; sourceTree = BUILT_PRODUCTS_DIR; };
		FE26FE5028D9FC8800851216 /* Assets.xcassets */ = {isa = PBXFileReference; lastKnownFileType = folder.assetcatalog; path = Assets.xcassets; sourceTree = "<group>"; };
		FE26FE5628D9FC8900851216 /* Home WatchKit Extension.appex */ = {isa = PBXFileReference; explicitFileType = "wrapper.app-extension"; includeInIndex = 0; path = "Home WatchKit Extension.appex"; sourceTree = BUILT_PRODUCTS_DIR; };
		FE26FE5B28D9FC8900851216 /* HomeApp.swift */ = {isa = PBXFileReference; lastKnownFileType = sourcecode.swift; path = HomeApp.swift; sourceTree = "<group>"; };
		FE26FE5D28D9FC8900851216 /* ContentView.swift */ = {isa = PBXFileReference; lastKnownFileType = sourcecode.swift; path = ContentView.swift; sourceTree = "<group>"; };
		FE26FE5F28D9FC8900851216 /* NotificationController.swift */ = {isa = PBXFileReference; lastKnownFileType = sourcecode.swift; path = NotificationController.swift; sourceTree = "<group>"; };
		FE26FE6128D9FC8900851216 /* NotificationView.swift */ = {isa = PBXFileReference; lastKnownFileType = sourcecode.swift; path = NotificationView.swift; sourceTree = "<group>"; };
		FE26FE6328D9FC8900851216 /* ComplicationController.swift */ = {isa = PBXFileReference; lastKnownFileType = sourcecode.swift; path = ComplicationController.swift; sourceTree = "<group>"; };
		FE26FE6528D9FC8900851216 /* Assets.xcassets */ = {isa = PBXFileReference; lastKnownFileType = folder.assetcatalog; path = Assets.xcassets; sourceTree = "<group>"; };
		FE26FE6828D9FC8900851216 /* Preview Assets.xcassets */ = {isa = PBXFileReference; lastKnownFileType = folder.assetcatalog; path = "Preview Assets.xcassets"; sourceTree = "<group>"; };
		FE26FE6A28D9FC8900851216 /* Info.plist */ = {isa = PBXFileReference; lastKnownFileType = text.plist.xml; path = Info.plist; sourceTree = "<group>"; };
		FE26FE6B28D9FC8900851216 /* PushNotificationPayload.apns */ = {isa = PBXFileReference; lastKnownFileType = text; path = PushNotificationPayload.apns; sourceTree = "<group>"; };
/* End PBXFileReference section */

/* Begin PBXFrameworksBuildPhase section */
		FE26FE3A28D9FC8700851216 /* Frameworks */ = {
			isa = PBXFrameworksBuildPhase;
			buildActionMask = 2147483647;
			files = (
			);
			runOnlyForDeploymentPostprocessing = 0;
		};
		FE26FE5328D9FC8900851216 /* Frameworks */ = {
			isa = PBXFrameworksBuildPhase;
			buildActionMask = 2147483647;
			files = (
			);
			runOnlyForDeploymentPostprocessing = 0;
		};
/* End PBXFrameworksBuildPhase section */

/* Begin PBXGroup section */
		FE26FE3428D9FC8700851216 = {
			isa = PBXGroup;
			children = (
				FE26FE3F28D9FC8700851216 /* Home */,
				FE26FE4F28D9FC8800851216 /* Home WatchKit App */,
				FE26FE5A28D9FC8900851216 /* Home WatchKit Extension */,
				FE26FE3E28D9FC8700851216 /* Products */,
			);
			sourceTree = "<group>";
		};
		FE26FE3E28D9FC8700851216 /* Products */ = {
			isa = PBXGroup;
			children = (
				FE26FE3D28D9FC8700851216 /* Home.app */,
				FE26FE4B28D9FC8800851216 /* Home WatchKit App.app */,
				FE26FE5628D9FC8900851216 /* Home WatchKit Extension.appex */,
			);
			name = Products;
			sourceTree = "<group>";
		};
		FE26FE3F28D9FC8700851216 /* Home */ = {
			isa = PBXGroup;
			children = (
				FE26FE4028D9FC8700851216 /* HomeApp.swift */,
				FE26FE4228D9FC8700851216 /* ContentView.swift */,
				FE26FE4428D9FC8800851216 /* Assets.xcassets */,
				FE26FE4628D9FC8800851216 /* Preview Content */,
			);
			path = Home;
			sourceTree = "<group>";
		};
		FE26FE4628D9FC8800851216 /* Preview Content */ = {
			isa = PBXGroup;
			children = (
				FE26FE4728D9FC8800851216 /* Preview Assets.xcassets */,
			);
			path = "Preview Content";
			sourceTree = "<group>";
		};
		FE26FE4F28D9FC8800851216 /* Home WatchKit App */ = {
			isa = PBXGroup;
			children = (
				FE26FE5028D9FC8800851216 /* Assets.xcassets */,
			);
			path = "Home WatchKit App";
			sourceTree = "<group>";
		};
		FE26FE5A28D9FC8900851216 /* Home WatchKit Extension */ = {
			isa = PBXGroup;
			children = (
				FE26FE5B28D9FC8900851216 /* HomeApp.swift */,
				FE26FE5D28D9FC8900851216 /* ContentView.swift */,
				FE26FE5F28D9FC8900851216 /* NotificationController.swift */,
				FE26FE6128D9FC8900851216 /* NotificationView.swift */,
				FE26FE6328D9FC8900851216 /* ComplicationController.swift */,
				FE26FE6528D9FC8900851216 /* Assets.xcassets */,
				FE26FE6A28D9FC8900851216 /* Info.plist */,
				FE26FE6B28D9FC8900851216 /* PushNotificationPayload.apns */,
				FE26FE6728D9FC8900851216 /* Preview Content */,
			);
			path = "Home WatchKit Extension";
			sourceTree = "<group>";
		};
		FE26FE6728D9FC8900851216 /* Preview Content */ = {
			isa = PBXGroup;
			children = (
				FE26FE6828D9FC8900851216 /* Preview Assets.xcassets */,
			);
			path = "Preview Content";
			sourceTree = "<group>";
		};
/* End PBXGroup section */

/* Begin PBXNativeTarget section */
		FE26FE3C28D9FC8700851216 /* Home */ = {
			isa = PBXNativeTarget;
			buildConfigurationList = FE26FE7628D9FC8900851216 /* Build configuration list for PBXNativeTarget "Home" */;
			buildPhases = (
				FE26FE3928D9FC8700851216 /* Sources */,
				FE26FE3A28D9FC8700851216 /* Frameworks */,
				FE26FE3B28D9FC8700851216 /* Resources */,
				FE26FE7528D9FC8900851216 /* Embed Watch Content */,
			);
			buildRules = (
			);
			dependencies = (
				FE26FE4E28D9FC8800851216 /* PBXTargetDependency */,
			);
			name = Home;
			productName = Home;
			productReference = FE26FE3D28D9FC8700851216 /* Home.app */;
			productType = "com.apple.product-type.application";
		};
		FE26FE4A28D9FC8800851216 /* Home WatchKit App */ = {
			isa = PBXNativeTarget;
			buildConfigurationList = FE26FE7228D9FC8900851216 /* Build configuration list for PBXNativeTarget "Home WatchKit App" */;
			buildPhases = (
				FE26FE4928D9FC8800851216 /* Resources */,
				FE26FE7128D9FC8900851216 /* Embed App Extensions */,
			);
			buildRules = (
			);
			dependencies = (
				FE26FE5928D9FC8900851216 /* PBXTargetDependency */,
			);
			name = "Home WatchKit App";
			productName = "Home WatchKit App";
			productReference = FE26FE4B28D9FC8800851216 /* Home WatchKit App.app */;
			productType = "com.apple.product-type.application.watchapp2";
		};
		FE26FE5528D9FC8900851216 /* Home WatchKit Extension */ = {
			isa = PBXNativeTarget;
			buildConfigurationList = FE26FE6E28D9FC8900851216 /* Build configuration list for PBXNativeTarget "Home WatchKit Extension" */;
			buildPhases = (
				FE26FE5228D9FC8900851216 /* Sources */,
				FE26FE5328D9FC8900851216 /* Frameworks */,
				FE26FE5428D9FC8900851216 /* Resources */,
			);
			buildRules = (
			);
			dependencies = (
			);
			name = "Home WatchKit Extension";
			productName = "Home WatchKit Extension";
			productReference = FE26FE5628D9FC8900851216 /* Home WatchKit Extension.appex */;
			productType = "com.apple.product-type.watchkit2-extension";
		};
/* End PBXNativeTarget section */

/* Begin PBXProject section */
		FE26FE3528D9FC8700851216 /* Project object */ = {
			isa = PBXProject;
			attributes = {
				BuildIndependentTargetsInParallel = 1;
				LastSwiftUpdateCheck = 1340;
				LastUpgradeCheck = 1340;
				TargetAttributes = {
					FE26FE3C28D9FC8700851216 = {
						CreatedOnToolsVersion = 13.4.1;
					};
					FE26FE4A28D9FC8800851216 = {
						CreatedOnToolsVersion = 13.4.1;
					};
					FE26FE5528D9FC8900851216 = {
						CreatedOnToolsVersion = 13.4.1;
					};
				};
			};
			buildConfigurationList = FE26FE3828D9FC8700851216 /* Build configuration list for PBXProject "Home" */;
			compatibilityVersion = "Xcode 13.0";
			developmentRegion = en;
			hasScannedForEncodings = 0;
			knownRegions = (
				en,
				Base,
			);
			mainGroup = FE26FE3428D9FC8700851216;
			productRefGroup = FE26FE3E28D9FC8700851216 /* Products */;
			projectDirPath = "";
			projectRoot = "";
			targets = (
				FE26FE3C28D9FC8700851216 /* Home */,
				FE26FE4A28D9FC8800851216 /* Home WatchKit App */,
				FE26FE5528D9FC8900851216 /* Home WatchKit Extension */,
			);
		};
/* End PBXProject section */

/* Begin PBXResourcesBuildPhase section */
		FE26FE3B28D9FC8700851216 /* Resources */ = {
			isa = PBXResourcesBuildPhase;
			buildActionMask = 2147483647;
			files = (
				FE26FE4828D9FC8800851216 /* Preview Assets.xcassets in Resources */,
				FE26FE4528D9FC8800851216 /* Assets.xcassets in Resources */,
			);
			runOnlyForDeploymentPostprocessing = 0;
		};
		FE26FE4928D9FC8800851216 /* Resources */ = {
			isa = PBXResourcesBuildPhase;
			buildActionMask = 2147483647;
			files = (
				FE26FE5128D9FC8800851216 /* Assets.xcassets in Resources */,
			);
			runOnlyForDeploymentPostprocessing = 0;
		};
		FE26FE5428D9FC8900851216 /* Resources */ = {
			isa = PBXResourcesBuildPhase;
			buildActionMask = 2147483647;
			files = (
				FE26FE6928D9FC8900851216 /* Preview Assets.xcassets in Resources */,
				FE26FE6628D9FC8900851216 /* Assets.xcassets in Resources */,
			);
			runOnlyForDeploymentPostprocessing = 0;
		};
/* End PBXResourcesBuildPhase section */

/* Begin PBXSourcesBuildPhase section */
		FE26FE3928D9FC8700851216 /* Sources */ = {
			isa = PBXSourcesBuildPhase;
			buildActionMask = 2147483647;
			files = (
				FE26FE4328D9FC8700851216 /* ContentView.swift in Sources */,
				FE26FE4128D9FC8700851216 /* HomeApp.swift in Sources */,
			);
			runOnlyForDeploymentPostprocessing = 0;
		};
		FE26FE5228D9FC8900851216 /* Sources */ = {
			isa = PBXSourcesBuildPhase;
			buildActionMask = 2147483647;
			files = (
				FE26FE6028D9FC8900851216 /* NotificationController.swift in Sources */,
				FE26FE5E28D9FC8900851216 /* ContentView.swift in Sources */,
				FE26FE6428D9FC8900851216 /* ComplicationController.swift in Sources */,
				FE26FE5C28D9FC8900851216 /* HomeApp.swift in Sources */,
				FE26FE6228D9FC8900851216 /* NotificationView.swift in Sources */,
			);
			runOnlyForDeploymentPostprocessing = 0;
		};
/* End PBXSourcesBuildPhase section */

/* Begin PBXTargetDependency section */
		FE26FE4E28D9FC8800851216 /* PBXTargetDependency */ = {
			isa = PBXTargetDependency;
			target = FE26FE4A28D9FC8800851216 /* Home WatchKit App */;
			targetProxy = FE26FE4D28D9FC8800851216 /* PBXContainerItemProxy */;
		};
		FE26FE5928D9FC8900851216 /* PBXTargetDependency */ = {
			isa = PBXTargetDependency;
			target = FE26FE5528D9FC8900851216 /* Home WatchKit Extension */;
			targetProxy = FE26FE5828D9FC8900851216 /* PBXContainerItemProxy */;
		};
/* End PBXTargetDependency section */

/* Begin XCBuildConfiguration section */
		FE26FE6C28D9FC8900851216 /* Debug */ = {
			isa = XCBuildConfiguration;
			buildSettings = {
				ALWAYS_SEARCH_USER_PATHS = NO;
				CLANG_ANALYZER_NONNULL = YES;
				CLANG_ANALYZER_NUMBER_OBJECT_CONVERSION = YES_AGGRESSIVE;
				CLANG_CXX_LANGUAGE_STANDARD = "gnu++17";
				CLANG_ENABLE_MODULES = YES;
				CLANG_ENABLE_OBJC_ARC = YES;
				CLANG_ENABLE_OBJC_WEAK = YES;
				CLANG_WARN_BLOCK_CAPTURE_AUTORELEASING = YES;
				CLANG_WARN_BOOL_CONVERSION = YES;
				CLANG_WARN_COMMA = YES;
				CLANG_WARN_CONSTANT_CONVERSION = YES;
				CLANG_WARN_DEPRECATED_OBJC_IMPLEMENTATIONS = YES;
				CLANG_WARN_DIRECT_OBJC_ISA_USAGE = YES_ERROR;
				CLANG_WARN_DOCUMENTATION_COMMENTS = YES;
				CLANG_WARN_EMPTY_BODY = YES;
				CLANG_WARN_ENUM_CONVERSION = YES;
				CLANG_WARN_INFINITE_RECURSION = YES;
				CLANG_WARN_INT_CONVERSION = YES;
				CLANG_WARN_NON_LITERAL_NULL_CONVERSION = YES;
				CLANG_WARN_OBJC_IMPLICIT_RETAIN_SELF = YES;
				CLANG_WARN_OBJC_LITERAL_CONVERSION = YES;
				CLANG_WARN_OBJC_ROOT_CLASS = YES_ERROR;
				CLANG_WARN_QUOTED_INCLUDE_IN_FRAMEWORK_HEADER = YES;
				CLANG_WARN_RANGE_LOOP_ANALYSIS = YES;
				CLANG_WARN_STRICT_PROTOTYPES = YES;
				CLANG_WARN_SUSPICIOUS_MOVE = YES;
				CLANG_WARN_UNGUARDED_AVAILABILITY = YES_AGGRESSIVE;
				CLANG_WARN_UNREACHABLE_CODE = YES;
				CLANG_WARN__DUPLICATE_METHOD_MATCH = YES;
				COPY_PHASE_STRIP = NO;
				DEBUG_INFORMATION_FORMAT = dwarf;
				ENABLE_STRICT_OBJC_MSGSEND = YES;
				ENABLE_TESTABILITY = YES;
				GCC_C_LANGUAGE_STANDARD = gnu11;
				GCC_DYNAMIC_NO_PIC = NO;
				GCC_NO_COMMON_BLOCKS = YES;
				GCC_OPTIMIZATION_LEVEL = 0;
				GCC_PREPROCESSOR_DEFINITIONS = (
					"DEBUG=1",
					"$(inherited)",
				);
				GCC_WARN_64_TO_32_BIT_CONVERSION = YES;
				GCC_WARN_ABOUT_RETURN_TYPE = YES_ERROR;
				GCC_WARN_UNDECLARED_SELECTOR = YES;
				GCC_WARN_UNINITIALIZED_AUTOS = YES_AGGRESSIVE;
				GCC_WARN_UNUSED_FUNCTION = YES;
				GCC_WARN_UNUSED_VARIABLE = YES;
				MTL_ENABLE_DEBUG_INFO = INCLUDE_SOURCE;
				MTL_FAST_MATH = YES;
				ONLY_ACTIVE_ARCH = YES;
				SWIFT_ACTIVE_COMPILATION_CONDITIONS = DEBUG;
				SWIFT_OPTIMIZATION_LEVEL = "-Onone";
			};
			name = Debug;
		};
		FE26FE6D28D9FC8900851216 /* Release */ = {
			isa = XCBuildConfiguration;
			buildSettings = {
				ALWAYS_SEARCH_USER_PATHS = NO;
				CLANG_ANALYZER_NONNULL = YES;
				CLANG_ANALYZER_NUMBER_OBJECT_CONVERSION = YES_AGGRESSIVE;
				CLANG_CXX_LANGUAGE_STANDARD = "gnu++17";
				CLANG_ENABLE_MODULES = YES;
				CLANG_ENABLE_OBJC_ARC = YES;
				CLANG_ENABLE_OBJC_WEAK = YES;
				CLANG_WARN_BLOCK_CAPTURE_AUTORELEASING = YES;
				CLANG_WARN_BOOL_CONVERSION = YES;
				CLANG_WARN_COMMA = YES;
				CLANG_WARN_CONSTANT_CONVERSION = YES;
				CLANG_WARN_DEPRECATED_OBJC_IMPLEMENTATIONS = YES;
				CLANG_WARN_DIRECT_OBJC_ISA_USAGE = YES_ERROR;
				CLANG_WARN_DOCUMENTATION_COMMENTS = YES;
				CLANG_WARN_EMPTY_BODY = YES;
				CLANG_WARN_ENUM_CONVERSION = YES;
				CLANG_WARN_INFINITE_RECURSION = YES;
				CLANG_WARN_INT_CONVERSION = YES;
				CLANG_WARN_NON_LITERAL_NULL_CONVERSION = YES;
				CLANG_WARN_OBJC_IMPLICIT_RETAIN_SELF = YES;
				CLANG_WARN_OBJC_LITERAL_CONVERSION = YES;
				CLANG_WARN_OBJC_ROOT_CLASS = YES_ERROR;
				CLANG_WARN_QUOTED_INCLUDE_IN_FRAMEWORK_HEADER = YES;
				CLANG_WARN_RANGE_LOOP_ANALYSIS = YES;
				CLANG_WARN_STRICT_PROTOTYPES = YES;
				CLANG_WARN_SUSPICIOUS_MOVE = YES;
				CLANG_WARN_UNGUARDED_AVAILABILITY = YES_AGGRESSIVE;
				CLANG_WARN_UNREACHABLE_CODE = YES;
				CLANG_WARN__DUPLICATE_METHOD_MATCH = YES;
				COPY_PHASE_STRIP = NO;
				DEBUG_INFORMATION_FORMAT = "dwarf-with-dsym";
				ENABLE_NS_ASSERTIONS = NO;
				ENABLE_STRICT_OBJC_MSGSEND = YES;
				GCC_C_LANGUAGE_STANDARD = gnu11;
				GCC_NO_COMMON_BLOCKS = YES;
				GCC_WARN_64_TO_32_BIT_CONVERSION = YES;
				GCC_WARN_ABOUT_RETURN_TYPE = YES_ERROR;
				GCC_WARN_UNDECLARED_SELECTOR = YES;
				GCC_WARN_UNINITIALIZED_AUTOS = YES_AGGRESSIVE;
				GCC_WARN_UNUSED_FUNCTION = YES;
				GCC_WARN_UNUSED_VARIABLE = YES;
				MTL_ENABLE_DEBUG_INFO = NO;
				MTL_FAST_MATH = YES;
				SWIFT_COMPILATION_MODE = wholemodule;
				SWIFT_OPTIMIZATION_LEVEL = "-O";
			};
			name = Release;
		};
		FE26FE6F28D9FC8900851216 /* Debug */ = {
			isa = XCBuildConfiguration;
			buildSettings = {
				ASSETCATALOG_COMPILER_COMPLICATION_NAME = Complication;
				CODE_SIGN_STYLE = Automatic;
				CURRENT_PROJECT_VERSION = 1;
				DEVELOPMENT_ASSET_PATHS = "\"Home WatchKit Extension/Preview Content\"";
				DEVELOPMENT_TEAM = 3SXRZ8J7UJ;
				ENABLE_PREVIEWS = YES;
				GENERATE_INFOPLIST_FILE = YES;
				INFOPLIST_FILE = "Home WatchKit Extension/Info.plist";
				INFOPLIST_KEY_CFBundleDisplayName = "Home WatchKit Extension";
				INFOPLIST_KEY_CLKComplicationPrincipalClass = "$(PRODUCT_MODULE_NAME).ComplicationController";
				INFOPLIST_KEY_NSHumanReadableCopyright = "";
				INFOPLIST_KEY_WKRunsIndependentlyOfCompanionApp = YES;
				LD_RUNPATH_SEARCH_PATHS = (
					"$(inherited)",
					"@executable_path/Frameworks",
					"@executable_path/../../Frameworks",
				);
				MARKETING_VERSION = 1.0;
				PRODUCT_BUNDLE_IDENTIFIER = de.hellmann.Home.watchkitapp.watchkitextension;
				PRODUCT_NAME = "${TARGET_NAME}";
				SDKROOT = watchos;
				SKIP_INSTALL = YES;
				SWIFT_EMIT_LOC_STRINGS = YES;
				SWIFT_VERSION = 5.0;
				TARGETED_DEVICE_FAMILY = 4;
				WATCHOS_DEPLOYMENT_TARGET = 8.5;
			};
			name = Debug;
		};
		FE26FE7028D9FC8900851216 /* Release */ = {
			isa = XCBuildConfiguration;
			buildSettings = {
				ASSETCATALOG_COMPILER_COMPLICATION_NAME = Complication;
				CODE_SIGN_STYLE = Automatic;
				CURRENT_PROJECT_VERSION = 1;
				DEVELOPMENT_ASSET_PATHS = "\"Home WatchKit Extension/Preview Content\"";
				DEVELOPMENT_TEAM = 3SXRZ8J7UJ;
				ENABLE_PREVIEWS = YES;
				GENERATE_INFOPLIST_FILE = YES;
				INFOPLIST_FILE = "Home WatchKit Extension/Info.plist";
				INFOPLIST_KEY_CFBundleDisplayName = "Home WatchKit Extension";
				INFOPLIST_KEY_CLKComplicationPrincipalClass = "$(PRODUCT_MODULE_NAME).ComplicationController";
				INFOPLIST_KEY_NSHumanReadableCopyright = "";
				INFOPLIST_KEY_WKRunsIndependentlyOfCompanionApp = YES;
				LD_RUNPATH_SEARCH_PATHS = (
					"$(inherited)",
					"@executable_path/Frameworks",
					"@executable_path/../../Frameworks",
				);
				MARKETING_VERSION = 1.0;
				PRODUCT_BUNDLE_IDENTIFIER = de.hellmann.Home.watchkitapp.watchkitextension;
				PRODUCT_NAME = "${TARGET_NAME}";
				SDKROOT = watchos;
				SKIP_INSTALL = YES;
				SWIFT_EMIT_LOC_STRINGS = YES;
				SWIFT_VERSION = 5.0;
				TARGETED_DEVICE_FAMILY = 4;
				VALIDATE_PRODUCT = YES;
				WATCHOS_DEPLOYMENT_TARGET = 8.5;
			};
			name = Release;
		};
		FE26FE7328D9FC8900851216 /* Debug */ = {
			isa = XCBuildConfiguration;
			buildSettings = {
				ALWAYS_EMBED_SWIFT_STANDARD_LIBRARIES = YES;
				ASSETCATALOG_COMPILER_APPICON_NAME = AppIcon;
				ASSETCATALOG_COMPILER_GLOBAL_ACCENT_COLOR_NAME = AccentColor;
				CODE_SIGN_STYLE = Automatic;
				CURRENT_PROJECT_VERSION = 1;
				DEVELOPMENT_TEAM = 3SXRZ8J7UJ;
				GENERATE_INFOPLIST_FILE = YES;
				IBSC_MODULE = Home_WatchKit_Extension;
				INFOPLIST_KEY_CFBundleDisplayName = "Home WatchKit App";
				INFOPLIST_KEY_UISupportedInterfaceOrientations = "UIInterfaceOrientationPortrait UIInterfaceOrientationPortraitUpsideDown";
				INFOPLIST_KEY_WKCompanionAppBundleIdentifier = de.hellmann.Home;
				MARKETING_VERSION = 1.0;
				PRODUCT_BUNDLE_IDENTIFIER = de.hellmann.Home.watchkitapp;
				PRODUCT_NAME = "$(TARGET_NAME)";
				SDKROOT = watchos;
				SKIP_INSTALL = YES;
				SWIFT_EMIT_LOC_STRINGS = YES;
				SWIFT_VERSION = 5.0;
				TARGETED_DEVICE_FAMILY = 4;
				WATCHOS_DEPLOYMENT_TARGET = 8.5;
			};
			name = Debug;
		};
		FE26FE7428D9FC8900851216 /* Release */ = {
			isa = XCBuildConfiguration;
			buildSettings = {
				ALWAYS_EMBED_SWIFT_STANDARD_LIBRARIES = YES;
				ASSETCATALOG_COMPILER_APPICON_NAME = AppIcon;
				ASSETCATALOG_COMPILER_GLOBAL_ACCENT_COLOR_NAME = AccentColor;
				CODE_SIGN_STYLE = Automatic;
				CURRENT_PROJECT_VERSION = 1;
				DEVELOPMENT_TEAM = 3SXRZ8J7UJ;
				GENERATE_INFOPLIST_FILE = YES;
				IBSC_MODULE = Home_WatchKit_Extension;
				INFOPLIST_KEY_CFBundleDisplayName = "Home WatchKit App";
				INFOPLIST_KEY_UISupportedInterfaceOrientations = "UIInterfaceOrientationPortrait UIInterfaceOrientationPortraitUpsideDown";
				INFOPLIST_KEY_WKCompanionAppBundleIdentifier = de.hellmann.Home;
				MARKETING_VERSION = 1.0;
				PRODUCT_BUNDLE_IDENTIFIER = de.hellmann.Home.watchkitapp;
				PRODUCT_NAME = "$(TARGET_NAME)";
				SDKROOT = watchos;
				SKIP_INSTALL = YES;
				SWIFT_EMIT_LOC_STRINGS = YES;
				SWIFT_VERSION = 5.0;
				TARGETED_DEVICE_FAMILY = 4;
				VALIDATE_PRODUCT = YES;
				WATCHOS_DEPLOYMENT_TARGET = 8.5;
			};
			name = Release;
		};
		FE26FE7728D9FC8900851216 /* Debug */ = {
			isa = XCBuildConfiguration;
			buildSettings = {
				ASSETCATALOG_COMPILER_APPICON_NAME = AppIcon;
				ASSETCATALOG_COMPILER_GLOBAL_ACCENT_COLOR_NAME = AccentColor;
				CODE_SIGN_STYLE = Automatic;
				CURRENT_PROJECT_VERSION = 1;
				DEVELOPMENT_ASSET_PATHS = "\"Home/Preview Content\"";
				DEVELOPMENT_TEAM = 3SXRZ8J7UJ;
				ENABLE_PREVIEWS = YES;
				GENERATE_INFOPLIST_FILE = YES;
				INFOPLIST_KEY_UIApplicationSceneManifest_Generation = YES;
				INFOPLIST_KEY_UIApplicationSupportsIndirectInputEvents = YES;
				INFOPLIST_KEY_UILaunchScreen_Generation = YES;
				INFOPLIST_KEY_UISupportedInterfaceOrientations_iPad = "UIInterfaceOrientationPortrait UIInterfaceOrientationPortraitUpsideDown UIInterfaceOrientationLandscapeLeft UIInterfaceOrientationLandscapeRight";
				INFOPLIST_KEY_UISupportedInterfaceOrientations_iPhone = "UIInterfaceOrientationPortrait UIInterfaceOrientationLandscapeLeft UIInterfaceOrientationLandscapeRight";
				IPHONEOS_DEPLOYMENT_TARGET = 15.5;
				LD_RUNPATH_SEARCH_PATHS = (
					"$(inherited)",
					"@executable_path/Frameworks",
				);
				MARKETING_VERSION = 1.0;
				PRODUCT_BUNDLE_IDENTIFIER = de.hellmann.Home;
				PRODUCT_NAME = "$(TARGET_NAME)";
				SDKROOT = iphoneos;
				SWIFT_EMIT_LOC_STRINGS = YES;
				SWIFT_VERSION = 5.0;
				TARGETED_DEVICE_FAMILY = "1,2";
			};
			name = Debug;
		};
		FE26FE7828D9FC8900851216 /* Release */ = {
			isa = XCBuildConfiguration;
			buildSettings = {
				ASSETCATALOG_COMPILER_APPICON_NAME = AppIcon;
				ASSETCATALOG_COMPILER_GLOBAL_ACCENT_COLOR_NAME = AccentColor;
				CODE_SIGN_STYLE = Automatic;
				CURRENT_PROJECT_VERSION = 1;
				DEVELOPMENT_ASSET_PATHS = "\"Home/Preview Content\"";
				DEVELOPMENT_TEAM = 3SXRZ8J7UJ;
				ENABLE_PREVIEWS = YES;
				GENERATE_INFOPLIST_FILE = YES;
				INFOPLIST_KEY_UIApplicationSceneManifest_Generation = YES;
				INFOPLIST_KEY_UIApplicationSupportsIndirectInputEvents = YES;
				INFOPLIST_KEY_UILaunchScreen_Generation = YES;
				INFOPLIST_KEY_UISupportedInterfaceOrientations_iPad = "UIInterfaceOrientationPortrait UIInterfaceOrientationPortraitUpsideDown UIInterfaceOrientationLandscapeLeft UIInterfaceOrientationLandscapeRight";
				INFOPLIST_KEY_UISupportedInterfaceOrientations_iPhone = "UIInterfaceOrientationPortrait UIInterfaceOrientationLandscapeLeft UIInterfaceOrientationLandscapeRight";
				IPHONEOS_DEPLOYMENT_TARGET = 15.5;
				LD_RUNPATH_SEARCH_PATHS = (
					"$(inherited)",
					"@executable_path/Frameworks",
				);
				MARKETING_VERSION = 1.0;
				PRODUCT_BUNDLE_IDENTIFIER = de.hellmann.Home;
				PRODUCT_NAME = "$(TARGET_NAME)";
				SDKROOT = iphoneos;
				SWIFT_EMIT_LOC_STRINGS = YES;
				SWIFT_VERSION = 5.0;
				TARGETED_DEVICE_FAMILY = "1,2";
				VALIDATE_PRODUCT = YES;
			};
			name = Release;
		};
/* End XCBuildConfiguration section */

/* Begin XCConfigurationList section */
		FE26FE3828D9FC8700851216 /* Build configuration list for PBXProject "Home" */ = {
			isa = XCConfigurationList;
			buildConfigurations = (
				FE26FE6C28D9FC8900851216 /* Debug */,
				FE26FE6D28D9FC8900851216 /* Release */,
			);
			defaultConfigurationIsVisible = 0;
			defaultConfigurationName = Release;
		};
		FE26FE6E28D9FC8900851216 /* Build configuration list for PBXNativeTarget "Home WatchKit Extension" */ = {
			isa = XCConfigurationList;
			buildConfigurations = (
				FE26FE6F28D9FC8900851216 /* Debug */,
				FE26FE7028D9FC8900851216 /* Release */,
			);
			defaultConfigurationIsVisible = 0;
			defaultConfigurationName = Release;
		};
		FE26FE7228D9FC8900851216 /* Build configuration list for PBXNativeTarget "Home WatchKit App" */ = {
			isa = XCConfigurationList;
			buildConfigurations = (
				FE26FE7328D9FC8900851216 /* Debug */,
				FE26FE7428D9FC8900851216 /* Release */,
			);
			defaultConfigurationIsVisible = 0;
			defaultConfigurationName = Release;
		};
		FE26FE7628D9FC8900851216 /* Build configuration list for PBXNativeTarget "Home" */ = {
			isa = XCConfigurationList;
			buildConfigurations = (
				FE26FE7728D9FC8900851216 /* Debug */,
				FE26FE7828D9FC8900851216 /* Release */,
			);
			defaultConfigurationIsVisible = 0;
			defaultConfigurationName = Release;
		};
/* End XCConfigurationList section */
	};
	rootObject = FE26FE3528D9FC8700851216 /* Project object */;
}
